// !$*UTF8*$!
{
	archiveVersion = 1;
	classes = {
	};
	objectVersion = 50;
	objects = {

/* Begin PBXBuildFile section */
		77FFFB36D9669034B1C31BE1 /* libPods-ProximityAlarm.a in Frameworks */ = {isa = PBXBuildFile; fileRef = A45D93464734D5E88A2559A5 /* libPods-ProximityAlarm.a */; };
		AF8983EE22A9FE9100753A98 /* ProximityAlarmTests.swift in Sources */ = {isa = PBXBuildFile; fileRef = AF8983ED22A9FE9100753A98 /* ProximityAlarmTests.swift */; };
		AF8983F922A9FE9100753A98 /* ProximityAlarmUITests.swift in Sources */ = {isa = PBXBuildFile; fileRef = AF8983F822A9FE9100753A98 /* ProximityAlarmUITests.swift */; };
		AF89840F22AA003100753A98 /* Assets.xcassets in Resources */ = {isa = PBXBuildFile; fileRef = AF89840722AA003100753A98 /* Assets.xcassets */; };
		AF89841022AA003100753A98 /* LaunchScreen.storyboard in Resources */ = {isa = PBXBuildFile; fileRef = AF89840822AA003100753A98 /* LaunchScreen.storyboard */; };
		AF89841122AA003100753A98 /* Main.storyboard in Resources */ = {isa = PBXBuildFile; fileRef = AF89840A22AA003100753A98 /* Main.storyboard */; };
		AF89841822AA006800753A98 /* ViewController.swift in Sources */ = {isa = PBXBuildFile; fileRef = AF89841522AA006800753A98 /* ViewController.swift */; };
		AF89841922AA006800753A98 /* AppDelegate.swift in Sources */ = {isa = PBXBuildFile; fileRef = AF89841722AA006800753A98 /* AppDelegate.swift */; };
		AF89841B22AA089C00753A98 /* casa.gpx in Resources */ = {isa = PBXBuildFile; fileRef = AF89841A22AA089B00753A98 /* casa.gpx */; };
		AF89841E22AA0AAC00753A98 /* LocationManager.swift in Sources */ = {isa = PBXBuildFile; fileRef = AF89841D22AA0AAC00753A98 /* LocationManager.swift */; };
		AF89842222AA0FF300753A98 /* AppConfig.swift in Sources */ = {isa = PBXBuildFile; fileRef = AF89842122AA0FF300753A98 /* AppConfig.swift */; };
		AF89842422AA11E100753A98 /* Alarm.swift in Sources */ = {isa = PBXBuildFile; fileRef = AF89842322AA11E100753A98 /* Alarm.swift */; };
		AF89842622AA147E00753A98 /* SoundPlayer.swift in Sources */ = {isa = PBXBuildFile; fileRef = AF89842522AA147E00753A98 /* SoundPlayer.swift */; };
		AF89842922AA149F00753A98 /* old_school_bell.mp3 in Resources */ = {isa = PBXBuildFile; fileRef = AF89842822AA149F00753A98 /* old_school_bell.mp3 */; };
		AF89842D22AA15FC00753A98 /* AddressHelper.swift in Sources */ = {isa = PBXBuildFile; fileRef = AF89842C22AA15FC00753A98 /* AddressHelper.swift */; };
		AF89842F22AB556A00753A98 /* AddressSearchTableViewController.swift in Sources */ = {isa = PBXBuildFile; fileRef = AF89842E22AB556A00753A98 /* AddressSearchTableViewController.swift */; };
		AF89843122AC9BD000753A98 /* AlarmManager.swift in Sources */ = {isa = PBXBuildFile; fileRef = AF89843022AC9BD000753A98 /* AlarmManager.swift */; };
/* End PBXBuildFile section */

/* Begin PBXContainerItemProxy section */
		AF8983EA22A9FE9100753A98 /* PBXContainerItemProxy */ = {
			isa = PBXContainerItemProxy;
			containerPortal = AF8983CD22A9FE9000753A98 /* Project object */;
			proxyType = 1;
			remoteGlobalIDString = AF8983D422A9FE9000753A98;
			remoteInfo = ProximityAlarm;
		};
		AF8983F522A9FE9100753A98 /* PBXContainerItemProxy */ = {
			isa = PBXContainerItemProxy;
			containerPortal = AF8983CD22A9FE9000753A98 /* Project object */;
			proxyType = 1;
			remoteGlobalIDString = AF8983D422A9FE9000753A98;
			remoteInfo = ProximityAlarm;
		};
/* End PBXContainerItemProxy section */

/* Begin PBXFileReference section */
		1A381929D7E0C511B17F66DD /* Pods-ProximityAlarm.debug.xcconfig */ = {isa = PBXFileReference; includeInIndex = 1; lastKnownFileType = text.xcconfig; name = "Pods-ProximityAlarm.debug.xcconfig"; path = "Target Support Files/Pods-ProximityAlarm/Pods-ProximityAlarm.debug.xcconfig"; sourceTree = "<group>"; };
		A45D93464734D5E88A2559A5 /* libPods-ProximityAlarm.a */ = {isa = PBXFileReference; explicitFileType = archive.ar; includeInIndex = 0; path = "libPods-ProximityAlarm.a"; sourceTree = BUILT_PRODUCTS_DIR; };
		AF8983D522A9FE9000753A98 /* ProximityAlarm.app */ = {isa = PBXFileReference; explicitFileType = wrapper.application; includeInIndex = 0; path = ProximityAlarm.app; sourceTree = BUILT_PRODUCTS_DIR; };
		AF8983E422A9FE9100753A98 /* Info.plist */ = {isa = PBXFileReference; lastKnownFileType = text.plist.xml; path = Info.plist; sourceTree = "<group>"; };
		AF8983E922A9FE9100753A98 /* ProximityAlarmTests.xctest */ = {isa = PBXFileReference; explicitFileType = wrapper.cfbundle; includeInIndex = 0; path = ProximityAlarmTests.xctest; sourceTree = BUILT_PRODUCTS_DIR; };
		AF8983ED22A9FE9100753A98 /* ProximityAlarmTests.swift */ = {isa = PBXFileReference; lastKnownFileType = sourcecode.swift; path = ProximityAlarmTests.swift; sourceTree = "<group>"; };
		AF8983EF22A9FE9100753A98 /* Info.plist */ = {isa = PBXFileReference; lastKnownFileType = text.plist.xml; path = Info.plist; sourceTree = "<group>"; };
		AF8983F422A9FE9100753A98 /* ProximityAlarmUITests.xctest */ = {isa = PBXFileReference; explicitFileType = wrapper.cfbundle; includeInIndex = 0; path = ProximityAlarmUITests.xctest; sourceTree = BUILT_PRODUCTS_DIR; };
		AF8983F822A9FE9100753A98 /* ProximityAlarmUITests.swift */ = {isa = PBXFileReference; lastKnownFileType = sourcecode.swift; path = ProximityAlarmUITests.swift; sourceTree = "<group>"; };
		AF8983FA22A9FE9100753A98 /* Info.plist */ = {isa = PBXFileReference; lastKnownFileType = text.plist.xml; path = Info.plist; sourceTree = "<group>"; };
		AF89840722AA003100753A98 /* Assets.xcassets */ = {isa = PBXFileReference; lastKnownFileType = folder.assetcatalog; path = Assets.xcassets; sourceTree = "<group>"; };
		AF89840922AA003100753A98 /* Base */ = {isa = PBXFileReference; lastKnownFileType = file.storyboard; name = Base; path = Base.lproj/LaunchScreen.storyboard; sourceTree = "<group>"; };
		AF89840B22AA003100753A98 /* Base */ = {isa = PBXFileReference; lastKnownFileType = file.storyboard; name = Base; path = Base.lproj/Main.storyboard; sourceTree = "<group>"; };
		AF89841522AA006800753A98 /* ViewController.swift */ = {isa = PBXFileReference; fileEncoding = 4; lastKnownFileType = sourcecode.swift; path = ViewController.swift; sourceTree = "<group>"; };
		AF89841722AA006800753A98 /* AppDelegate.swift */ = {isa = PBXFileReference; fileEncoding = 4; lastKnownFileType = sourcecode.swift; path = AppDelegate.swift; sourceTree = "<group>"; };
		AF89841A22AA089B00753A98 /* casa.gpx */ = {isa = PBXFileReference; fileEncoding = 4; lastKnownFileType = text.xml; path = casa.gpx; sourceTree = "<group>"; };
		AF89841D22AA0AAC00753A98 /* LocationManager.swift */ = {isa = PBXFileReference; lastKnownFileType = sourcecode.swift; path = LocationManager.swift; sourceTree = "<group>"; };
		AF89842122AA0FF300753A98 /* AppConfig.swift */ = {isa = PBXFileReference; lastKnownFileType = sourcecode.swift; path = AppConfig.swift; sourceTree = "<group>"; };
		AF89842322AA11E100753A98 /* Alarm.swift */ = {isa = PBXFileReference; lastKnownFileType = sourcecode.swift; path = Alarm.swift; sourceTree = "<group>"; };
		AF89842522AA147E00753A98 /* SoundPlayer.swift */ = {isa = PBXFileReference; lastKnownFileType = sourcecode.swift; path = SoundPlayer.swift; sourceTree = "<group>"; };
		AF89842822AA149F00753A98 /* old_school_bell.mp3 */ = {isa = PBXFileReference; lastKnownFileType = audio.mp3; path = old_school_bell.mp3; sourceTree = "<group>"; };
		AF89842C22AA15FC00753A98 /* AddressHelper.swift */ = {isa = PBXFileReference; lastKnownFileType = sourcecode.swift; path = AddressHelper.swift; sourceTree = "<group>"; };
		AF89842E22AB556A00753A98 /* AddressSearchTableViewController.swift */ = {isa = PBXFileReference; lastKnownFileType = sourcecode.swift; path = AddressSearchTableViewController.swift; sourceTree = "<group>"; };
		AF89843022AC9BD000753A98 /* AlarmManager.swift */ = {isa = PBXFileReference; lastKnownFileType = sourcecode.swift; path = AlarmManager.swift; sourceTree = "<group>"; };
		B65499C310C11746279B5D31 /* Pods-ProximityAlarm.release.xcconfig */ = {isa = PBXFileReference; includeInIndex = 1; lastKnownFileType = text.xcconfig; name = "Pods-ProximityAlarm.release.xcconfig"; path = "Target Support Files/Pods-ProximityAlarm/Pods-ProximityAlarm.release.xcconfig"; sourceTree = "<group>"; };
/* End PBXFileReference section */

/* Begin PBXFrameworksBuildPhase section */
		AF8983D222A9FE9000753A98 /* Frameworks */ = {
			isa = PBXFrameworksBuildPhase;
			buildActionMask = 2147483647;
			files = (
				77FFFB36D9669034B1C31BE1 /* libPods-ProximityAlarm.a in Frameworks */,
			);
			runOnlyForDeploymentPostprocessing = 0;
		};
		AF8983E622A9FE9100753A98 /* Frameworks */ = {
			isa = PBXFrameworksBuildPhase;
			buildActionMask = 2147483647;
			files = (
			);
			runOnlyForDeploymentPostprocessing = 0;
		};
		AF8983F122A9FE9100753A98 /* Frameworks */ = {
			isa = PBXFrameworksBuildPhase;
			buildActionMask = 2147483647;
			files = (
			);
			runOnlyForDeploymentPostprocessing = 0;
		};
/* End PBXFrameworksBuildPhase section */

/* Begin PBXGroup section */
		0C15966C90A355A355BB922E /* Pods */ = {
			isa = PBXGroup;
			children = (
				1A381929D7E0C511B17F66DD /* Pods-ProximityAlarm.debug.xcconfig */,
				B65499C310C11746279B5D31 /* Pods-ProximityAlarm.release.xcconfig */,
			);
			path = Pods;
			sourceTree = "<group>";
		};
		53F26E319A09D3524224CF4E /* Frameworks */ = {
			isa = PBXGroup;
			children = (
				A45D93464734D5E88A2559A5 /* libPods-ProximityAlarm.a */,
			);
			name = Frameworks;
			sourceTree = "<group>";
		};
		AF8983CC22A9FE9000753A98 = {
			isa = PBXGroup;
			children = (
				AF8983D722A9FE9000753A98 /* ProximityAlarm */,
				AF8983EC22A9FE9100753A98 /* ProximityAlarmTests */,
				AF8983F722A9FE9100753A98 /* ProximityAlarmUITests */,
				AF8983D622A9FE9000753A98 /* Products */,
				0C15966C90A355A355BB922E /* Pods */,
				53F26E319A09D3524224CF4E /* Frameworks */,
			);
			sourceTree = "<group>";
		};
		AF8983D622A9FE9000753A98 /* Products */ = {
			isa = PBXGroup;
			children = (
				AF8983D522A9FE9000753A98 /* ProximityAlarm.app */,
				AF8983E922A9FE9100753A98 /* ProximityAlarmTests.xctest */,
				AF8983F422A9FE9100753A98 /* ProximityAlarmUITests.xctest */,
			);
			name = Products;
			sourceTree = "<group>";
		};
		AF8983D722A9FE9000753A98 /* ProximityAlarm */ = {
			isa = PBXGroup;
			children = (
				AF89840C22AA003100753A98 /* Classes */,
				AF89840622AA003100753A98 /* Resources */,
				AF8983E422A9FE9100753A98 /* Info.plist */,
			);
			path = ProximityAlarm;
			sourceTree = "<group>";
		};
		AF8983EC22A9FE9100753A98 /* ProximityAlarmTests */ = {
			isa = PBXGroup;
			children = (
				AF8983ED22A9FE9100753A98 /* ProximityAlarmTests.swift */,
				AF8983EF22A9FE9100753A98 /* Info.plist */,
			);
			path = ProximityAlarmTests;
			sourceTree = "<group>";
		};
		AF8983F722A9FE9100753A98 /* ProximityAlarmUITests */ = {
			isa = PBXGroup;
			children = (
				AF8983F822A9FE9100753A98 /* ProximityAlarmUITests.swift */,
				AF8983FA22A9FE9100753A98 /* Info.plist */,
			);
			path = ProximityAlarmUITests;
			sourceTree = "<group>";
		};
		AF89840622AA003100753A98 /* Resources */ = {
			isa = PBXGroup;
			children = (
				AF89842722AA149F00753A98 /* Sounds */,
				AF89841A22AA089B00753A98 /* casa.gpx */,
				AF89840722AA003100753A98 /* Assets.xcassets */,
				AF89840822AA003100753A98 /* LaunchScreen.storyboard */,
				AF89840A22AA003100753A98 /* Main.storyboard */,
			);
			path = Resources;
			sourceTree = "<group>";
		};
		AF89840C22AA003100753A98 /* Classes */ = {
			isa = PBXGroup;
			children = (
				AF89842B22AA15F100753A98 /* Helpers */,
				AF89841C22AA0A9300753A98 /* Models */,
				AF89841622AA006800753A98 /* AppDelegate */,
				AF89841422AA006800753A98 /* ViewControllers */,
			);
			path = Classes;
			sourceTree = "<group>";
		};
		AF89841422AA006800753A98 /* ViewControllers */ = {
			isa = PBXGroup;
			children = (
				AF89841522AA006800753A98 /* ViewController.swift */,
				AF89842E22AB556A00753A98 /* AddressSearchTableViewController.swift */,
			);
			path = ViewControllers;
			sourceTree = "<group>";
		};
		AF89841622AA006800753A98 /* AppDelegate */ = {
			isa = PBXGroup;
			children = (
				AF89841722AA006800753A98 /* AppDelegate.swift */,
			);
			path = AppDelegate;
			sourceTree = "<group>";
		};
		AF89841C22AA0A9300753A98 /* Models */ = {
			isa = PBXGroup;
			children = (
				AF89841D22AA0AAC00753A98 /* LocationManager.swift */,
				AF89842122AA0FF300753A98 /* AppConfig.swift */,
				AF89842322AA11E100753A98 /* Alarm.swift */,
				AF89842522AA147E00753A98 /* SoundPlayer.swift */,
				AF89843022AC9BD000753A98 /* AlarmManager.swift */,
			);
			path = Models;
			sourceTree = "<group>";
		};
		AF89842722AA149F00753A98 /* Sounds */ = {
			isa = PBXGroup;
			children = (
				AF89842822AA149F00753A98 /* old_school_bell.mp3 */,
			);
			path = Sounds;
			sourceTree = "<group>";
		};
		AF89842B22AA15F100753A98 /* Helpers */ = {
			isa = PBXGroup;
			children = (
				AF89842C22AA15FC00753A98 /* AddressHelper.swift */,
			);
			path = Helpers;
			sourceTree = "<group>";
		};
/* End PBXGroup section */

/* Begin PBXNativeTarget section */
		AF8983D422A9FE9000753A98 /* ProximityAlarm */ = {
			isa = PBXNativeTarget;
			buildConfigurationList = AF8983FD22A9FE9100753A98 /* Build configuration list for PBXNativeTarget "ProximityAlarm" */;
			buildPhases = (
				4AF8B2942DB14F2F69ABE4F2 /* [CP] Check Pods Manifest.lock */,
				AF8983D122A9FE9000753A98 /* Sources */,
				AF8983D222A9FE9000753A98 /* Frameworks */,
				AF8983D322A9FE9000753A98 /* Resources */,
				AF89842A22AA14C000753A98 /* ShellScript */,
			);
			buildRules = (
			);
			dependencies = (
			);
			name = ProximityAlarm;
			productName = ProximityAlarm;
			productReference = AF8983D522A9FE9000753A98 /* ProximityAlarm.app */;
			productType = "com.apple.product-type.application";
		};
		AF8983E822A9FE9100753A98 /* ProximityAlarmTests */ = {
			isa = PBXNativeTarget;
			buildConfigurationList = AF89840022A9FE9100753A98 /* Build configuration list for PBXNativeTarget "ProximityAlarmTests" */;
			buildPhases = (
				AF8983E522A9FE9100753A98 /* Sources */,
				AF8983E622A9FE9100753A98 /* Frameworks */,
				AF8983E722A9FE9100753A98 /* Resources */,
			);
			buildRules = (
			);
			dependencies = (
				AF8983EB22A9FE9100753A98 /* PBXTargetDependency */,
			);
			name = ProximityAlarmTests;
			productName = ProximityAlarmTests;
			productReference = AF8983E922A9FE9100753A98 /* ProximityAlarmTests.xctest */;
			productType = "com.apple.product-type.bundle.unit-test";
		};
		AF8983F322A9FE9100753A98 /* ProximityAlarmUITests */ = {
			isa = PBXNativeTarget;
			buildConfigurationList = AF89840322A9FE9100753A98 /* Build configuration list for PBXNativeTarget "ProximityAlarmUITests" */;
			buildPhases = (
				AF8983F022A9FE9100753A98 /* Sources */,
				AF8983F122A9FE9100753A98 /* Frameworks */,
				AF8983F222A9FE9100753A98 /* Resources */,
			);
			buildRules = (
			);
			dependencies = (
				AF8983F622A9FE9100753A98 /* PBXTargetDependency */,
			);
			name = ProximityAlarmUITests;
			productName = ProximityAlarmUITests;
			productReference = AF8983F422A9FE9100753A98 /* ProximityAlarmUITests.xctest */;
			productType = "com.apple.product-type.bundle.ui-testing";
		};
/* End PBXNativeTarget section */

/* Begin PBXProject section */
		AF8983CD22A9FE9000753A98 /* Project object */ = {
			isa = PBXProject;
			attributes = {
				LastSwiftUpdateCheck = 1020;
				LastUpgradeCheck = 1020;
				ORGANIZATIONNAME = "Manuel Olmos Gil";
				TargetAttributes = {
					AF8983D422A9FE9000753A98 = {
						CreatedOnToolsVersion = 10.2.1;
					};
					AF8983E822A9FE9100753A98 = {
						CreatedOnToolsVersion = 10.2.1;
						TestTargetID = AF8983D422A9FE9000753A98;
					};
					AF8983F322A9FE9100753A98 = {
						CreatedOnToolsVersion = 10.2.1;
						TestTargetID = AF8983D422A9FE9000753A98;
					};
				};
			};
			buildConfigurationList = AF8983D022A9FE9000753A98 /* Build configuration list for PBXProject "ProximityAlarm" */;
			compatibilityVersion = "Xcode 9.3";
			developmentRegion = en;
			hasScannedForEncodings = 0;
			knownRegions = (
				en,
				Base,
			);
			mainGroup = AF8983CC22A9FE9000753A98;
			productRefGroup = AF8983D622A9FE9000753A98 /* Products */;
			projectDirPath = "";
			projectRoot = "";
			targets = (
				AF8983D422A9FE9000753A98 /* ProximityAlarm */,
				AF8983E822A9FE9100753A98 /* ProximityAlarmTests */,
				AF8983F322A9FE9100753A98 /* ProximityAlarmUITests */,
			);
		};
/* End PBXProject section */

/* Begin PBXResourcesBuildPhase section */
		AF8983D322A9FE9000753A98 /* Resources */ = {
			isa = PBXResourcesBuildPhase;
			buildActionMask = 2147483647;
			files = (
				AF89841122AA003100753A98 /* Main.storyboard in Resources */,
				AF89841B22AA089C00753A98 /* casa.gpx in Resources */,
				AF89842922AA149F00753A98 /* old_school_bell.mp3 in Resources */,
				AF89840F22AA003100753A98 /* Assets.xcassets in Resources */,
				AF89841022AA003100753A98 /* LaunchScreen.storyboard in Resources */,
			);
			runOnlyForDeploymentPostprocessing = 0;
		};
		AF8983E722A9FE9100753A98 /* Resources */ = {
			isa = PBXResourcesBuildPhase;
			buildActionMask = 2147483647;
			files = (
			);
			runOnlyForDeploymentPostprocessing = 0;
		};
		AF8983F222A9FE9100753A98 /* Resources */ = {
			isa = PBXResourcesBuildPhase;
			buildActionMask = 2147483647;
			files = (
			);
			runOnlyForDeploymentPostprocessing = 0;
		};
/* End PBXResourcesBuildPhase section */

/* Begin PBXShellScriptBuildPhase section */
		4AF8B2942DB14F2F69ABE4F2 /* [CP] Check Pods Manifest.lock */ = {
			isa = PBXShellScriptBuildPhase;
			buildActionMask = 2147483647;
			files = (
			);
			inputFileListPaths = (
			);
			inputPaths = (
				"${PODS_PODFILE_DIR_PATH}/Podfile.lock",
				"${PODS_ROOT}/Manifest.lock",
			);
			name = "[CP] Check Pods Manifest.lock";
			outputFileListPaths = (
			);
			outputPaths = (
				"$(DERIVED_FILE_DIR)/Pods-ProximityAlarm-checkManifestLockResult.txt",
			);
			runOnlyForDeploymentPostprocessing = 0;
			shellPath = /bin/sh;
			shellScript = "diff \"${PODS_PODFILE_DIR_PATH}/Podfile.lock\" \"${PODS_ROOT}/Manifest.lock\" > /dev/null\nif [ $? != 0 ] ; then\n    # print error to STDERR\n    echo \"error: The sandbox is not in sync with the Podfile.lock. Run 'pod install' or update your CocoaPods installation.\" >&2\n    exit 1\nfi\n# This output is used by Xcode 'outputs' to avoid re-running this script phase.\necho \"SUCCESS\" > \"${SCRIPT_OUTPUT_FILE_0}\"\n";
			showEnvVarsInLog = 0;
		};
		AF89842A22AA14C000753A98 /* ShellScript */ = {
			isa = PBXShellScriptBuildPhase;
			buildActionMask = 2147483647;
			files = (
			);
			inputFileListPaths = (
			);
			inputPaths = (
			);
			outputFileListPaths = (
			);
			outputPaths = (
			);
			runOnlyForDeploymentPostprocessing = 0;
			shellPath = /bin/sh;
			shellScript = "if which swiftlint >/dev/null; then\nswiftlint\nelse\necho \"warning: SwiftLint not installed, download from https://github.com/realm/SwiftLint\"\nfi\n";
		};
/* End PBXShellScriptBuildPhase section */

/* Begin PBXSourcesBuildPhase section */
		AF8983D122A9FE9000753A98 /* Sources */ = {
			isa = PBXSourcesBuildPhase;
			buildActionMask = 2147483647;
			files = (
				AF89841922AA006800753A98 /* AppDelegate.swift in Sources */,
				AF89842222AA0FF300753A98 /* AppConfig.swift in Sources */,
				AF89842422AA11E100753A98 /* Alarm.swift in Sources */,
				AF89841822AA006800753A98 /* ViewController.swift in Sources */,
				AF89842F22AB556A00753A98 /* AddressSearchTableViewController.swift in Sources */,
				AF89842D22AA15FC00753A98 /* AddressHelper.swift in Sources */,
				AF89842622AA147E00753A98 /* SoundPlayer.swift in Sources */,
				AF89841E22AA0AAC00753A98 /* LocationManager.swift in Sources */,
				AF89843122AC9BD000753A98 /* AlarmManager.swift in Sources */,
			);
			runOnlyForDeploymentPostprocessing = 0;
		};
		AF8983E522A9FE9100753A98 /* Sources */ = {
			isa = PBXSourcesBuildPhase;
			buildActionMask = 2147483647;
			files = (
				AF8983EE22A9FE9100753A98 /* ProximityAlarmTests.swift in Sources */,
			);
			runOnlyForDeploymentPostprocessing = 0;
		};
		AF8983F022A9FE9100753A98 /* Sources */ = {
			isa = PBXSourcesBuildPhase;
			buildActionMask = 2147483647;
			files = (
				AF8983F922A9FE9100753A98 /* ProximityAlarmUITests.swift in Sources */,
			);
			runOnlyForDeploymentPostprocessing = 0;
		};
/* End PBXSourcesBuildPhase section */

/* Begin PBXTargetDependency section */
		AF8983EB22A9FE9100753A98 /* PBXTargetDependency */ = {
			isa = PBXTargetDependency;
			target = AF8983D422A9FE9000753A98 /* ProximityAlarm */;
			targetProxy = AF8983EA22A9FE9100753A98 /* PBXContainerItemProxy */;
		};
		AF8983F622A9FE9100753A98 /* PBXTargetDependency */ = {
			isa = PBXTargetDependency;
			target = AF8983D422A9FE9000753A98 /* ProximityAlarm */;
			targetProxy = AF8983F522A9FE9100753A98 /* PBXContainerItemProxy */;
		};
/* End PBXTargetDependency section */

/* Begin PBXVariantGroup section */
		AF89840822AA003100753A98 /* LaunchScreen.storyboard */ = {
			isa = PBXVariantGroup;
			children = (
				AF89840922AA003100753A98 /* Base */,
			);
			name = LaunchScreen.storyboard;
			sourceTree = "<group>";
		};
		AF89840A22AA003100753A98 /* Main.storyboard */ = {
			isa = PBXVariantGroup;
			children = (
				AF89840B22AA003100753A98 /* Base */,
			);
			name = Main.storyboard;
			sourceTree = "<group>";
		};
/* End PBXVariantGroup section */

/* Begin XCBuildConfiguration section */
		AF8983FB22A9FE9100753A98 /* Debug */ = {
			isa = XCBuildConfiguration;
			buildSettings = {
				ALWAYS_SEARCH_USER_PATHS = NO;
				CLANG_ANALYZER_NONNULL = YES;
				CLANG_ANALYZER_NUMBER_OBJECT_CONVERSION = YES_AGGRESSIVE;
				CLANG_CXX_LANGUAGE_STANDARD = "gnu++14";
				CLANG_CXX_LIBRARY = "libc++";
				CLANG_ENABLE_MODULES = YES;
				CLANG_ENABLE_OBJC_ARC = YES;
				CLANG_ENABLE_OBJC_WEAK = YES;
				CLANG_WARN_BLOCK_CAPTURE_AUTORELEASING = YES;
				CLANG_WARN_BOOL_CONVERSION = YES;
				CLANG_WARN_COMMA = YES;
				CLANG_WARN_CONSTANT_CONVERSION = YES;
				CLANG_WARN_DEPRECATED_OBJC_IMPLEMENTATIONS = YES;
				CLANG_WARN_DIRECT_OBJC_ISA_USAGE = YES_ERROR;
				CLANG_WARN_DOCUMENTATION_COMMENTS = YES;
				CLANG_WARN_EMPTY_BODY = YES;
				CLANG_WARN_ENUM_CONVERSION = YES;
				CLANG_WARN_INFINITE_RECURSION = YES;
				CLANG_WARN_INT_CONVERSION = YES;
				CLANG_WARN_NON_LITERAL_NULL_CONVERSION = YES;
				CLANG_WARN_OBJC_IMPLICIT_RETAIN_SELF = YES;
				CLANG_WARN_OBJC_LITERAL_CONVERSION = YES;
				CLANG_WARN_OBJC_ROOT_CLASS = YES_ERROR;
				CLANG_WARN_RANGE_LOOP_ANALYSIS = YES;
				CLANG_WARN_STRICT_PROTOTYPES = YES;
				CLANG_WARN_SUSPICIOUS_MOVE = YES;
				CLANG_WARN_UNGUARDED_AVAILABILITY = YES_AGGRESSIVE;
				CLANG_WARN_UNREACHABLE_CODE = YES;
				CLANG_WARN__DUPLICATE_METHOD_MATCH = YES;
				CODE_SIGN_IDENTITY = "iPhone Developer";
				COPY_PHASE_STRIP = NO;
				DEBUG_INFORMATION_FORMAT = dwarf;
				ENABLE_STRICT_OBJC_MSGSEND = YES;
				ENABLE_TESTABILITY = YES;
				GCC_C_LANGUAGE_STANDARD = gnu11;
				GCC_DYNAMIC_NO_PIC = NO;
				GCC_NO_COMMON_BLOCKS = YES;
				GCC_OPTIMIZATION_LEVEL = 0;
				GCC_PREPROCESSOR_DEFINITIONS = (
					"DEBUG=1",
					"$(inherited)",
				);
				GCC_WARN_64_TO_32_BIT_CONVERSION = YES;
				GCC_WARN_ABOUT_RETURN_TYPE = YES_ERROR;
				GCC_WARN_UNDECLARED_SELECTOR = YES;
				GCC_WARN_UNINITIALIZED_AUTOS = YES_AGGRESSIVE;
				GCC_WARN_UNUSED_FUNCTION = YES;
				GCC_WARN_UNUSED_VARIABLE = YES;
				IPHONEOS_DEPLOYMENT_TARGET = 12.2;
				MTL_ENABLE_DEBUG_INFO = INCLUDE_SOURCE;
				MTL_FAST_MATH = YES;
				ONLY_ACTIVE_ARCH = YES;
				SDKROOT = iphoneos;
				SWIFT_ACTIVE_COMPILATION_CONDITIONS = DEBUG;
				SWIFT_OPTIMIZATION_LEVEL = "-Onone";
			};
			name = Debug;
		};
		AF8983FC22A9FE9100753A98 /* Release */ = {
			isa = XCBuildConfiguration;
			buildSettings = {
				ALWAYS_SEARCH_USER_PATHS = NO;
				CLANG_ANALYZER_NONNULL = YES;
				CLANG_ANALYZER_NUMBER_OBJECT_CONVERSION = YES_AGGRESSIVE;
				CLANG_CXX_LANGUAGE_STANDARD = "gnu++14";
				CLANG_CXX_LIBRARY = "libc++";
				CLANG_ENABLE_MODULES = YES;
				CLANG_ENABLE_OBJC_ARC = YES;
				CLANG_ENABLE_OBJC_WEAK = YES;
				CLANG_WARN_BLOCK_CAPTURE_AUTORELEASING = YES;
				CLANG_WARN_BOOL_CONVERSION = YES;
				CLANG_WARN_COMMA = YES;
				CLANG_WARN_CONSTANT_CONVERSION = YES;
				CLANG_WARN_DEPRECATED_OBJC_IMPLEMENTATIONS = YES;
				CLANG_WARN_DIRECT_OBJC_ISA_USAGE = YES_ERROR;
				CLANG_WARN_DOCUMENTATION_COMMENTS = YES;
				CLANG_WARN_EMPTY_BODY = YES;
				CLANG_WARN_ENUM_CONVERSION = YES;
				CLANG_WARN_INFINITE_RECURSION = YES;
				CLANG_WARN_INT_CONVERSION = YES;
				CLANG_WARN_NON_LITERAL_NULL_CONVERSION = YES;
				CLANG_WARN_OBJC_IMPLICIT_RETAIN_SELF = YES;
				CLANG_WARN_OBJC_LITERAL_CONVERSION = YES;
				CLANG_WARN_OBJC_ROOT_CLASS = YES_ERROR;
				CLANG_WARN_RANGE_LOOP_ANALYSIS = YES;
				CLANG_WARN_STRICT_PROTOTYPES = YES;
				CLANG_WARN_SUSPICIOUS_MOVE = YES;
				CLANG_WARN_UNGUARDED_AVAILABILITY = YES_AGGRESSIVE;
				CLANG_WARN_UNREACHABLE_CODE = YES;
				CLANG_WARN__DUPLICATE_METHOD_MATCH = YES;
				CODE_SIGN_IDENTITY = "iPhone Developer";
				COPY_PHASE_STRIP = NO;
				DEBUG_INFORMATION_FORMAT = "dwarf-with-dsym";
				ENABLE_NS_ASSERTIONS = NO;
				ENABLE_STRICT_OBJC_MSGSEND = YES;
				GCC_C_LANGUAGE_STANDARD = gnu11;
				GCC_NO_COMMON_BLOCKS = YES;
				GCC_WARN_64_TO_32_BIT_CONVERSION = YES;
				GCC_WARN_ABOUT_RETURN_TYPE = YES_ERROR;
				GCC_WARN_UNDECLARED_SELECTOR = YES;
				GCC_WARN_UNINITIALIZED_AUTOS = YES_AGGRESSIVE;
				GCC_WARN_UNUSED_FUNCTION = YES;
				GCC_WARN_UNUSED_VARIABLE = YES;
				IPHONEOS_DEPLOYMENT_TARGET = 12.2;
				MTL_ENABLE_DEBUG_INFO = NO;
				MTL_FAST_MATH = YES;
				SDKROOT = iphoneos;
				SWIFT_COMPILATION_MODE = wholemodule;
				SWIFT_OPTIMIZATION_LEVEL = "-O";
				VALIDATE_PRODUCT = YES;
			};
			name = Release;
		};
		AF8983FE22A9FE9100753A98 /* Debug */ = {
			isa = XCBuildConfiguration;
			baseConfigurationReference = 1A381929D7E0C511B17F66DD /* Pods-ProximityAlarm.debug.xcconfig */;
			buildSettings = {
				ASSETCATALOG_COMPILER_APPICON_NAME = AppIcon;
				CODE_SIGN_STYLE = Automatic;
				DEVELOPMENT_TEAM = 4D398WLJVB;
				INFOPLIST_FILE = ProximityAlarm/Info.plist;
				LD_RUNPATH_SEARCH_PATHS = (
					"$(inherited)",
					"@executable_path/Frameworks",
				);
				PRODUCT_BUNDLE_IDENTIFIER = com.manuelolmosgil.ProximityAlarm;
				PRODUCT_NAME = "$(TARGET_NAME)";
				SWIFT_VERSION = 5.0;
				TARGETED_DEVICE_FAMILY = "1,2";
			};
			name = Debug;
		};
		AF8983FF22A9FE9100753A98 /* Release */ = {
			isa = XCBuildConfiguration;
			baseConfigurationReference = B65499C310C11746279B5D31 /* Pods-ProximityAlarm.release.xcconfig */;
			buildSettings = {
				ASSETCATALOG_COMPILER_APPICON_NAME = AppIcon;
				CODE_SIGN_STYLE = Automatic;
				DEVELOPMENT_TEAM = 4D398WLJVB;
				INFOPLIST_FILE = ProximityAlarm/Info.plist;
				LD_RUNPATH_SEARCH_PATHS = (
					"$(inherited)",
					"@executable_path/Frameworks",
				);
				PRODUCT_BUNDLE_IDENTIFIER = com.manuelolmosgil.ProximityAlarm;
				PRODUCT_NAME = "$(TARGET_NAME)";
				SWIFT_VERSION = 5.0;
				TARGETED_DEVICE_FAMILY = "1,2";
			};
			name = Release;
		};
		AF89840122A9FE9100753A98 /* Debug */ = {
			isa = XCBuildConfiguration;
			buildSettings = {
				ALWAYS_EMBED_SWIFT_STANDARD_LIBRARIES = YES;
				BUNDLE_LOADER = "$(TEST_HOST)";
				CODE_SIGN_STYLE = Automatic;
				DEVELOPMENT_TEAM = 4D398WLJVB;
				INFOPLIST_FILE = ProximityAlarmTests/Info.plist;
				LD_RUNPATH_SEARCH_PATHS = (
					"$(inherited)",
					"@executable_path/Frameworks",
					"@loader_path/Frameworks",
				);
				PRODUCT_BUNDLE_IDENTIFIER = com.manuelolmosgil.ProximityAlarmTests;
				PRODUCT_NAME = "$(TARGET_NAME)";
				SWIFT_VERSION = 5.0;
				TARGETED_DEVICE_FAMILY = "1,2";
				TEST_HOST = "$(BUILT_PRODUCTS_DIR)/ProximityAlarm.app/ProximityAlarm";
			};
			name = Debug;
		};
		AF89840222A9FE9100753A98 /* Release */ = {
			isa = XCBuildConfiguration;
			buildSettings = {
				ALWAYS_EMBED_SWIFT_STANDARD_LIBRARIES = YES;
				BUNDLE_LOADER = "$(TEST_HOST)";
				CODE_SIGN_STYLE = Automatic;
				DEVELOPMENT_TEAM = 4D398WLJVB;
				INFOPLIST_FILE = ProximityAlarmTests/Info.plist;
				LD_RUNPATH_SEARCH_PATHS = (
					"$(inherited)",
					"@executable_path/Frameworks",
					"@loader_path/Frameworks",
				);
				PRODUCT_BUNDLE_IDENTIFIER = com.manuelolmosgil.ProximityAlarmTests;
				PRODUCT_NAME = "$(TARGET_NAME)";
				SWIFT_VERSION = 5.0;
				TARGETED_DEVICE_FAMILY = "1,2";
				TEST_HOST = "$(BUILT_PRODUCTS_DIR)/ProximityAlarm.app/ProximityAlarm";
			};
			name = Release;
		};
		AF89840422A9FE9100753A98 /* Debug */ = {
			isa = XCBuildConfiguration;
			buildSettings = {
				ALWAYS_EMBED_SWIFT_STANDARD_LIBRARIES = YES;
				CODE_SIGN_STYLE = Automatic;
				DEVELOPMENT_TEAM = 4D398WLJVB;
				INFOPLIST_FILE = ProximityAlarmUITests/Info.plist;
				LD_RUNPATH_SEARCH_PATHS = (
					"$(inherited)",
					"@executable_path/Frameworks",
					"@loader_path/Frameworks",
				);
				PRODUCT_BUNDLE_IDENTIFIER = com.manuelolmosgil.ProximityAlarmUITests;
				PRODUCT_NAME = "$(TARGET_NAME)";
				SWIFT_VERSION = 5.0;
				TARGETED_DEVICE_FAMILY = "1,2";
				TEST_TARGET_NAME = ProximityAlarm;
			};
			name = Debug;
		};
		AF89840522A9FE9100753A98 /* Release */ = {
			isa = XCBuildConfiguration;
			buildSettings = {
				ALWAYS_EMBED_SWIFT_STANDARD_LIBRARIES = YES;
				CODE_SIGN_STYLE = Automatic;
				DEVELOPMENT_TEAM = 4D398WLJVB;
				INFOPLIST_FILE = ProximityAlarmUITests/Info.plist;
				LD_RUNPATH_SEARCH_PATHS = (
					"$(inherited)",
					"@executable_path/Frameworks",
					"@loader_path/Frameworks",
				);
				PRODUCT_BUNDLE_IDENTIFIER = com.manuelolmosgil.ProximityAlarmUITests;
				PRODUCT_NAME = "$(TARGET_NAME)";
				SWIFT_VERSION = 5.0;
				TARGETED_DEVICE_FAMILY = "1,2";
				TEST_TARGET_NAME = ProximityAlarm;
			};
			name = Release;
		};
/* End XCBuildConfiguration section */

/* Begin XCConfigurationList section */
		AF8983D022A9FE9000753A98 /* Build configuration list for PBXProject "ProximityAlarm" */ = {
			isa = XCConfigurationList;
			buildConfigurations = (
				AF8983FB22A9FE9100753A98 /* Debug */,
				AF8983FC22A9FE9100753A98 /* Release */,
			);
			defaultConfigurationIsVisible = 0;
			defaultConfigurationName = Release;
		};
		AF8983FD22A9FE9100753A98 /* Build configuration list for PBXNativeTarget "ProximityAlarm" */ = {
			isa = XCConfigurationList;
			buildConfigurations = (
				AF8983FE22A9FE9100753A98 /* Debug */,
				AF8983FF22A9FE9100753A98 /* Release */,
			);
			defaultConfigurationIsVisible = 0;
			defaultConfigurationName = Release;
		};
		AF89840022A9FE9100753A98 /* Build configuration list for PBXNativeTarget "ProximityAlarmTests" */ = {
			isa = XCConfigurationList;
			buildConfigurations = (
				AF89840122A9FE9100753A98 /* Debug */,
				AF89840222A9FE9100753A98 /* Release */,
			);
			defaultConfigurationIsVisible = 0;
			defaultConfigurationName = Release;
		};
		AF89840322A9FE9100753A98 /* Build configuration list for PBXNativeTarget "ProximityAlarmUITests" */ = {
			isa = XCConfigurationList;
			buildConfigurations = (
				AF89840422A9FE9100753A98 /* Debug */,
				AF89840522A9FE9100753A98 /* Release */,
			);
			defaultConfigurationIsVisible = 0;
			defaultConfigurationName = Release;
		};
/* End XCConfigurationList section */
	};
	rootObject = AF8983CD22A9FE9000753A98 /* Project object */;
}
